// !$*UTF8*$!
{
	archiveVersion = 1;
	classes = {
	};
	objectVersion = 46;
	objects = {

/* Begin PBXBuildFile section */
		9538DE251F67A7C700324EDB /* CameraPermissionViewController.swift in Sources */ = {isa = PBXBuildFile; fileRef = 9538DE241F67A7C700324EDB /* CameraPermissionViewController.swift */; };
		9557C45C1F66192700F9D7E7 /* PrimaryButton.swift in Sources */ = {isa = PBXBuildFile; fileRef = 9557C45B1F66192700F9D7E7 /* PrimaryButton.swift */; };
		9557C45E1F66263400F9D7E7 /* ScannerViewController.swift in Sources */ = {isa = PBXBuildFile; fileRef = 9557C45D1F66263400F9D7E7 /* ScannerViewController.swift */; };
		95BE50601F302DAF0088884C /* AppDelegate.swift in Sources */ = {isa = PBXBuildFile; fileRef = 95BE505F1F302DAF0088884C /* AppDelegate.swift */; };
		95BE50621F302DAF0088884C /* ViewController.swift in Sources */ = {isa = PBXBuildFile; fileRef = 95BE50611F302DAF0088884C /* ViewController.swift */; };
		95BE50651F302DAF0088884C /* Main.storyboard in Resources */ = {isa = PBXBuildFile; fileRef = 95BE50631F302DAF0088884C /* Main.storyboard */; };
		95BE50671F302DAF0088884C /* Assets.xcassets in Resources */ = {isa = PBXBuildFile; fileRef = 95BE50661F302DAF0088884C /* Assets.xcassets */; };
		95BE506A1F302DAF0088884C /* LaunchScreen.storyboard in Resources */ = {isa = PBXBuildFile; fileRef = 95BE50681F302DAF0088884C /* LaunchScreen.storyboard */; };
		95D80D2D1F68E7B7001E8295 /* Realm.framework in Frameworks */ = {isa = PBXBuildFile; fileRef = 95D80D2B1F68E7B7001E8295 /* Realm.framework */; };
		95D80D2E1F68E7B7001E8295 /* RealmSwift.framework in Frameworks */ = {isa = PBXBuildFile; fileRef = 95D80D2C1F68E7B7001E8295 /* RealmSwift.framework */; };
		95D80D311F68ED3D001E8295 /* Pass.swift in Sources */ = {isa = PBXBuildFile; fileRef = 95D80D301F68ED3D001E8295 /* Pass.swift */; };
		95FDAD381F3C1C0C00AEABA1 /* GradientView.swift in Sources */ = {isa = PBXBuildFile; fileRef = 95FDAD371F3C1C0C00AEABA1 /* GradientView.swift */; };
		95FDAD481F3D79F200AEABA1 /* LICENSE.txt in Resources */ = {isa = PBXBuildFile; fileRef = 95FDAD3D1F3D79F200AEABA1 /* LICENSE.txt */; };
		95FDAD491F3D79F200AEABA1 /* OpenSans-Bold.ttf in Resources */ = {isa = PBXBuildFile; fileRef = 95FDAD3E1F3D79F200AEABA1 /* OpenSans-Bold.ttf */; };
		95FDAD4A1F3D79F200AEABA1 /* OpenSans-BoldItalic.ttf in Resources */ = {isa = PBXBuildFile; fileRef = 95FDAD3F1F3D79F200AEABA1 /* OpenSans-BoldItalic.ttf */; };
		95FDAD4B1F3D79F200AEABA1 /* OpenSans-ExtraBold.ttf in Resources */ = {isa = PBXBuildFile; fileRef = 95FDAD401F3D79F200AEABA1 /* OpenSans-ExtraBold.ttf */; };
		95FDAD4C1F3D79F200AEABA1 /* OpenSans-ExtraBoldItalic.ttf in Resources */ = {isa = PBXBuildFile; fileRef = 95FDAD411F3D79F200AEABA1 /* OpenSans-ExtraBoldItalic.ttf */; };
		95FDAD4D1F3D79F200AEABA1 /* OpenSans-Italic.ttf in Resources */ = {isa = PBXBuildFile; fileRef = 95FDAD421F3D79F200AEABA1 /* OpenSans-Italic.ttf */; };
		95FDAD4E1F3D79F200AEABA1 /* OpenSans-Light.ttf in Resources */ = {isa = PBXBuildFile; fileRef = 95FDAD431F3D79F200AEABA1 /* OpenSans-Light.ttf */; };
		95FDAD4F1F3D79F200AEABA1 /* OpenSans-LightItalic.ttf in Resources */ = {isa = PBXBuildFile; fileRef = 95FDAD441F3D79F200AEABA1 /* OpenSans-LightItalic.ttf */; };
		95FDAD501F3D79F200AEABA1 /* OpenSans-Regular.ttf in Resources */ = {isa = PBXBuildFile; fileRef = 95FDAD451F3D79F200AEABA1 /* OpenSans-Regular.ttf */; };
		95FDAD511F3D79F200AEABA1 /* OpenSans-SemiBold.ttf in Resources */ = {isa = PBXBuildFile; fileRef = 95FDAD461F3D79F200AEABA1 /* OpenSans-SemiBold.ttf */; };
		95FDAD521F3D79F200AEABA1 /* OpenSans-SemiBoldItalic.ttf in Resources */ = {isa = PBXBuildFile; fileRef = 95FDAD471F3D79F200AEABA1 /* OpenSans-SemiBoldItalic.ttf */; };
		95FDAD541F3D7E6100AEABA1 /* FontAwesome.otf in Resources */ = {isa = PBXBuildFile; fileRef = 95FDAD531F3D7E6100AEABA1 /* FontAwesome.otf */; };
/* End PBXBuildFile section */

/* Begin PBXFileReference section */
		9538DE241F67A7C700324EDB /* CameraPermissionViewController.swift */ = {isa = PBXFileReference; fileEncoding = 4; lastKnownFileType = sourcecode.swift; path = CameraPermissionViewController.swift; sourceTree = "<group>"; };
		9557C45B1F66192700F9D7E7 /* PrimaryButton.swift */ = {isa = PBXFileReference; fileEncoding = 4; lastKnownFileType = sourcecode.swift; path = PrimaryButton.swift; sourceTree = "<group>"; };
		9557C45D1F66263400F9D7E7 /* ScannerViewController.swift */ = {isa = PBXFileReference; fileEncoding = 4; lastKnownFileType = sourcecode.swift; path = ScannerViewController.swift; sourceTree = "<group>"; };
		95BE505C1F302DAF0088884C /* ROC Pass.app */ = {isa = PBXFileReference; explicitFileType = wrapper.application; includeInIndex = 0; path = "ROC Pass.app"; sourceTree = BUILT_PRODUCTS_DIR; };
		95BE505F1F302DAF0088884C /* AppDelegate.swift */ = {isa = PBXFileReference; lastKnownFileType = sourcecode.swift; path = AppDelegate.swift; sourceTree = "<group>"; };
		95BE50611F302DAF0088884C /* ViewController.swift */ = {isa = PBXFileReference; lastKnownFileType = sourcecode.swift; path = ViewController.swift; sourceTree = "<group>"; };
		95BE50641F302DAF0088884C /* Base */ = {isa = PBXFileReference; lastKnownFileType = file.storyboard; name = Base; path = Base.lproj/Main.storyboard; sourceTree = "<group>"; };
		95BE50661F302DAF0088884C /* Assets.xcassets */ = {isa = PBXFileReference; lastKnownFileType = folder.assetcatalog; path = Assets.xcassets; sourceTree = "<group>"; };
		95BE50691F302DAF0088884C /* Base */ = {isa = PBXFileReference; lastKnownFileType = file.storyboard; name = Base; path = Base.lproj/LaunchScreen.storyboard; sourceTree = "<group>"; };
		95BE506B1F302DAF0088884C /* Info.plist */ = {isa = PBXFileReference; lastKnownFileType = text.plist.xml; path = Info.plist; sourceTree = "<group>"; };
		95D80D2B1F68E7B7001E8295 /* Realm.framework */ = {isa = PBXFileReference; lastKnownFileType = wrapper.framework; name = Realm.framework; path = Carthage/Build/iOS/Realm.framework; sourceTree = "<group>"; };
		95D80D2C1F68E7B7001E8295 /* RealmSwift.framework */ = {isa = PBXFileReference; lastKnownFileType = wrapper.framework; name = RealmSwift.framework; path = Carthage/Build/iOS/RealmSwift.framework; sourceTree = "<group>"; };
		95D80D301F68ED3D001E8295 /* Pass.swift */ = {isa = PBXFileReference; fileEncoding = 4; lastKnownFileType = sourcecode.swift; name = Pass.swift; path = Model/Pass.swift; sourceTree = "<group>"; };
		95FDAD371F3C1C0C00AEABA1 /* GradientView.swift */ = {isa = PBXFileReference; fileEncoding = 4; lastKnownFileType = sourcecode.swift; path = GradientView.swift; sourceTree = "<group>"; };
		95FDAD3D1F3D79F200AEABA1 /* LICENSE.txt */ = {isa = PBXFileReference; fileEncoding = 4; lastKnownFileType = text; name = LICENSE.txt; path = Open_Sans/LICENSE.txt; sourceTree = "<group>"; };
		95FDAD3E1F3D79F200AEABA1 /* OpenSans-Bold.ttf */ = {isa = PBXFileReference; lastKnownFileType = file; name = "OpenSans-Bold.ttf"; path = "Open_Sans/OpenSans-Bold.ttf"; sourceTree = "<group>"; };
		95FDAD3F1F3D79F200AEABA1 /* OpenSans-BoldItalic.ttf */ = {isa = PBXFileReference; lastKnownFileType = file; name = "OpenSans-BoldItalic.ttf"; path = "Open_Sans/OpenSans-BoldItalic.ttf"; sourceTree = "<group>"; };
		95FDAD401F3D79F200AEABA1 /* OpenSans-ExtraBold.ttf */ = {isa = PBXFileReference; lastKnownFileType = file; name = "OpenSans-ExtraBold.ttf"; path = "Open_Sans/OpenSans-ExtraBold.ttf"; sourceTree = "<group>"; };
		95FDAD411F3D79F200AEABA1 /* OpenSans-ExtraBoldItalic.ttf */ = {isa = PBXFileReference; lastKnownFileType = file; name = "OpenSans-ExtraBoldItalic.ttf"; path = "Open_Sans/OpenSans-ExtraBoldItalic.ttf"; sourceTree = "<group>"; };
		95FDAD421F3D79F200AEABA1 /* OpenSans-Italic.ttf */ = {isa = PBXFileReference; lastKnownFileType = file; name = "OpenSans-Italic.ttf"; path = "Open_Sans/OpenSans-Italic.ttf"; sourceTree = "<group>"; };
		95FDAD431F3D79F200AEABA1 /* OpenSans-Light.ttf */ = {isa = PBXFileReference; lastKnownFileType = file; name = "OpenSans-Light.ttf"; path = "Open_Sans/OpenSans-Light.ttf"; sourceTree = "<group>"; };
		95FDAD441F3D79F200AEABA1 /* OpenSans-LightItalic.ttf */ = {isa = PBXFileReference; lastKnownFileType = file; name = "OpenSans-LightItalic.ttf"; path = "Open_Sans/OpenSans-LightItalic.ttf"; sourceTree = "<group>"; };
		95FDAD451F3D79F200AEABA1 /* OpenSans-Regular.ttf */ = {isa = PBXFileReference; lastKnownFileType = file; name = "OpenSans-Regular.ttf"; path = "Open_Sans/OpenSans-Regular.ttf"; sourceTree = "<group>"; };
		95FDAD461F3D79F200AEABA1 /* OpenSans-SemiBold.ttf */ = {isa = PBXFileReference; lastKnownFileType = file; name = "OpenSans-SemiBold.ttf"; path = "Open_Sans/OpenSans-SemiBold.ttf"; sourceTree = "<group>"; };
		95FDAD471F3D79F200AEABA1 /* OpenSans-SemiBoldItalic.ttf */ = {isa = PBXFileReference; lastKnownFileType = file; name = "OpenSans-SemiBoldItalic.ttf"; path = "Open_Sans/OpenSans-SemiBoldItalic.ttf"; sourceTree = "<group>"; };
		95FDAD531F3D7E6100AEABA1 /* FontAwesome.otf */ = {isa = PBXFileReference; lastKnownFileType = file; path = FontAwesome.otf; sourceTree = "<group>"; };
/* End PBXFileReference section */

/* Begin PBXFrameworksBuildPhase section */
		95BE50591F302DAF0088884C /* Frameworks */ = {
			isa = PBXFrameworksBuildPhase;
			buildActionMask = 2147483647;
			files = (
				95D80D2D1F68E7B7001E8295 /* Realm.framework in Frameworks */,
				95D80D2E1F68E7B7001E8295 /* RealmSwift.framework in Frameworks */,
			);
			runOnlyForDeploymentPostprocessing = 0;
		};
/* End PBXFrameworksBuildPhase section */

/* Begin PBXGroup section */
		95BE50531F302DAF0088884C = {
			isa = PBXGroup;
			children = (
				95BE505E1F302DAF0088884C /* ROC Pass */,
				95BE505D1F302DAF0088884C /* Products */,
				95D80D2A1F68E7B4001E8295 /* Frameworks */,
			);
			sourceTree = "<group>";
		};
		95BE505D1F302DAF0088884C /* Products */ = {
			isa = PBXGroup;
			children = (
				95BE505C1F302DAF0088884C /* ROC Pass.app */,
			);
			name = Products;
			sourceTree = "<group>";
		};
		95BE505E1F302DAF0088884C /* ROC Pass */ = {
			isa = PBXGroup;
			children = (
				95BE505F1F302DAF0088884C /* AppDelegate.swift */,
				95BE506B1F302DAF0088884C /* Info.plist */,
				95FDAD351F3C1BA900AEABA1 /* Model */,
				95FDAD341F3C1BA300AEABA1 /* View */,
				95FDAD361F3C1BAF00AEABA1 /* Controller */,
				95FDAD391F3D78FD00AEABA1 /* Assets */,
			);
			path = "ROC Pass";
			sourceTree = "<group>";
		};
		95D80D2A1F68E7B4001E8295 /* Frameworks */ = {
			isa = PBXGroup;
			children = (
				95D80D2B1F68E7B7001E8295 /* Realm.framework */,
				95D80D2C1F68E7B7001E8295 /* RealmSwift.framework */,
			);
			name = Frameworks;
			sourceTree = "<group>";
		};
		95FDAD341F3C1BA300AEABA1 /* View */ = {
			isa = PBXGroup;
			children = (
				95BE50631F302DAF0088884C /* Main.storyboard */,
				95BE50681F302DAF0088884C /* LaunchScreen.storyboard */,
				95FDAD371F3C1C0C00AEABA1 /* GradientView.swift */,
				9557C45B1F66192700F9D7E7 /* PrimaryButton.swift */,
			);
			name = View;
			sourceTree = "<group>";
		};
		95FDAD351F3C1BA900AEABA1 /* Model */ = {
			isa = PBXGroup;
			children = (
				95D80D301F68ED3D001E8295 /* Pass.swift */,
			);
			name = Model;
			sourceTree = "<group>";
		};
		95FDAD361F3C1BAF00AEABA1 /* Controller */ = {
			isa = PBXGroup;
			children = (
				95BE50611F302DAF0088884C /* ViewController.swift */,
				9557C45D1F66263400F9D7E7 /* ScannerViewController.swift */,
				9538DE241F67A7C700324EDB /* CameraPermissionViewController.swift */,
			);
			name = Controller;
			sourceTree = "<group>";
		};
		95FDAD391F3D78FD00AEABA1 /* Assets */ = {
			isa = PBXGroup;
			children = (
				95FDAD3A1F3D792400AEABA1 /* Fonts */,
				95BE50661F302DAF0088884C /* Assets.xcassets */,
			);
			name = Assets;
			sourceTree = "<group>";
		};
		95FDAD3A1F3D792400AEABA1 /* Fonts */ = {
			isa = PBXGroup;
			children = (
				95FDAD531F3D7E6100AEABA1 /* FontAwesome.otf */,
				95FDAD3D1F3D79F200AEABA1 /* LICENSE.txt */,
				95FDAD3E1F3D79F200AEABA1 /* OpenSans-Bold.ttf */,
				95FDAD3F1F3D79F200AEABA1 /* OpenSans-BoldItalic.ttf */,
				95FDAD401F3D79F200AEABA1 /* OpenSans-ExtraBold.ttf */,
				95FDAD411F3D79F200AEABA1 /* OpenSans-ExtraBoldItalic.ttf */,
				95FDAD421F3D79F200AEABA1 /* OpenSans-Italic.ttf */,
				95FDAD431F3D79F200AEABA1 /* OpenSans-Light.ttf */,
				95FDAD441F3D79F200AEABA1 /* OpenSans-LightItalic.ttf */,
				95FDAD451F3D79F200AEABA1 /* OpenSans-Regular.ttf */,
				95FDAD461F3D79F200AEABA1 /* OpenSans-SemiBold.ttf */,
				95FDAD471F3D79F200AEABA1 /* OpenSans-SemiBoldItalic.ttf */,
			);
			name = Fonts;
			sourceTree = "<group>";
		};
/* End PBXGroup section */

/* Begin PBXNativeTarget section */
		95BE505B1F302DAF0088884C /* ROC Pass */ = {
			isa = PBXNativeTarget;
			buildConfigurationList = 95BE506E1F302DAF0088884C /* Build configuration list for PBXNativeTarget "ROC Pass" */;
			buildPhases = (
				95BE50581F302DAF0088884C /* Sources */,
				95BE50591F302DAF0088884C /* Frameworks */,
				95BE505A1F302DAF0088884C /* Resources */,
				95D80D2F1F68E880001E8295 /* ShellScript */,
			);
			buildRules = (
			);
			dependencies = (
			);
			name = "ROC Pass";
			productName = "ROC Pass";
			productReference = 95BE505C1F302DAF0088884C /* ROC Pass.app */;
			productType = "com.apple.product-type.application";
		};
/* End PBXNativeTarget section */

/* Begin PBXProject section */
		95BE50541F302DAF0088884C /* Project object */ = {
			isa = PBXProject;
			attributes = {
				LastSwiftUpdateCheck = 0830;
				LastUpgradeCheck = 0830;
				ORGANIZATIONNAME = dennisbeatty;
				TargetAttributes = {
					95BE505B1F302DAF0088884C = {
						CreatedOnToolsVersion = 8.3.3;
						DevelopmentTeam = QQWWMCLZJZ;
						ProvisioningStyle = Automatic;
					};
				};
			};
			buildConfigurationList = 95BE50571F302DAF0088884C /* Build configuration list for PBXProject "ROC Pass" */;
			compatibilityVersion = "Xcode 3.2";
			developmentRegion = English;
			hasScannedForEncodings = 0;
			knownRegions = (
				en,
				Base,
			);
			mainGroup = 95BE50531F302DAF0088884C;
			productRefGroup = 95BE505D1F302DAF0088884C /* Products */;
			projectDirPath = "";
			projectRoot = "";
			targets = (
				95BE505B1F302DAF0088884C /* ROC Pass */,
			);
		};
/* End PBXProject section */

/* Begin PBXResourcesBuildPhase section */
		95BE505A1F302DAF0088884C /* Resources */ = {
			isa = PBXResourcesBuildPhase;
			buildActionMask = 2147483647;
			files = (
				95BE506A1F302DAF0088884C /* LaunchScreen.storyboard in Resources */,
				95FDAD4C1F3D79F200AEABA1 /* OpenSans-ExtraBoldItalic.ttf in Resources */,
				95FDAD511F3D79F200AEABA1 /* OpenSans-SemiBold.ttf in Resources */,
				95FDAD4F1F3D79F200AEABA1 /* OpenSans-LightItalic.ttf in Resources */,
				95BE50671F302DAF0088884C /* Assets.xcassets in Resources */,
				95FDAD4D1F3D79F200AEABA1 /* OpenSans-Italic.ttf in Resources */,
				95FDAD491F3D79F200AEABA1 /* OpenSans-Bold.ttf in Resources */,
				95FDAD4B1F3D79F200AEABA1 /* OpenSans-ExtraBold.ttf in Resources */,
				95FDAD4A1F3D79F200AEABA1 /* OpenSans-BoldItalic.ttf in Resources */,
				95FDAD521F3D79F200AEABA1 /* OpenSans-SemiBoldItalic.ttf in Resources */,
				95BE50651F302DAF0088884C /* Main.storyboard in Resources */,
				95FDAD541F3D7E6100AEABA1 /* FontAwesome.otf in Resources */,
				95FDAD481F3D79F200AEABA1 /* LICENSE.txt in Resources */,
				95FDAD4E1F3D79F200AEABA1 /* OpenSans-Light.ttf in Resources */,
				95FDAD501F3D79F200AEABA1 /* OpenSans-Regular.ttf in Resources */,
			);
			runOnlyForDeploymentPostprocessing = 0;
		};
/* End PBXResourcesBuildPhase section */

/* Begin PBXShellScriptBuildPhase section */
		95D80D2F1F68E880001E8295 /* ShellScript */ = {
			isa = PBXShellScriptBuildPhase;
			buildActionMask = 2147483647;
			files = (
			);
			inputPaths = (
				"$(SRCROOT)/Carthage/Build/iOS/Realm.framework",
				"$(SRCROOT)/Carthage/Build/iOS/RealmSwift.framework",
			);
			outputPaths = (
			);
			runOnlyForDeploymentPostprocessing = 0;
			shellPath = /bin/sh;
			shellScript = "/usr/local/bin/carthage copy-frameworks";
		};
/* End PBXShellScriptBuildPhase section */

/* Begin PBXSourcesBuildPhase section */
		95BE50581F302DAF0088884C /* Sources */ = {
			isa = PBXSourcesBuildPhase;
			buildActionMask = 2147483647;
			files = (
				95BE50621F302DAF0088884C /* ViewController.swift in Sources */,
				95BE50601F302DAF0088884C /* AppDelegate.swift in Sources */,
				9538DE251F67A7C700324EDB /* CameraPermissionViewController.swift in Sources */,
				9557C45C1F66192700F9D7E7 /* PrimaryButton.swift in Sources */,
				95D80D311F68ED3D001E8295 /* Pass.swift in Sources */,
				9557C45E1F66263400F9D7E7 /* ScannerViewController.swift in Sources */,
				95FDAD381F3C1C0C00AEABA1 /* GradientView.swift in Sources */,
			);
			runOnlyForDeploymentPostprocessing = 0;
		};
/* End PBXSourcesBuildPhase section */

/* Begin PBXVariantGroup section */
		95BE50631F302DAF0088884C /* Main.storyboard */ = {
			isa = PBXVariantGroup;
			children = (
				95BE50641F302DAF0088884C /* Base */,
			);
			name = Main.storyboard;
			sourceTree = "<group>";
		};
		95BE50681F302DAF0088884C /* LaunchScreen.storyboard */ = {
			isa = PBXVariantGroup;
			children = (
				95BE50691F302DAF0088884C /* Base */,
			);
			name = LaunchScreen.storyboard;
			sourceTree = "<group>";
		};
/* End PBXVariantGroup section */

/* Begin XCBuildConfiguration section */
		95BE506C1F302DAF0088884C /* Debug */ = {
			isa = XCBuildConfiguration;
			buildSettings = {
				ALWAYS_SEARCH_USER_PATHS = NO;
				CLANG_ANALYZER_NONNULL = YES;
				CLANG_ANALYZER_NUMBER_OBJECT_CONVERSION = YES_AGGRESSIVE;
				CLANG_CXX_LANGUAGE_STANDARD = "gnu++0x";
				CLANG_CXX_LIBRARY = "libc++";
				CLANG_ENABLE_MODULES = YES;
				CLANG_ENABLE_OBJC_ARC = YES;
				CLANG_WARN_BOOL_CONVERSION = YES;
				CLANG_WARN_CONSTANT_CONVERSION = YES;
				CLANG_WARN_DIRECT_OBJC_ISA_USAGE = YES_ERROR;
				CLANG_WARN_DOCUMENTATION_COMMENTS = YES;
				CLANG_WARN_EMPTY_BODY = YES;
				CLANG_WARN_ENUM_CONVERSION = YES;
				CLANG_WARN_INFINITE_RECURSION = YES;
				CLANG_WARN_INT_CONVERSION = YES;
				CLANG_WARN_OBJC_ROOT_CLASS = YES_ERROR;
				CLANG_WARN_SUSPICIOUS_MOVE = YES;
				CLANG_WARN_UNREACHABLE_CODE = YES;
				CLANG_WARN__DUPLICATE_METHOD_MATCH = YES;
				"CODE_SIGN_IDENTITY[sdk=iphoneos*]" = "iPhone Developer";
				COPY_PHASE_STRIP = NO;
				DEBUG_INFORMATION_FORMAT = dwarf;
				ENABLE_STRICT_OBJC_MSGSEND = YES;
				ENABLE_TESTABILITY = YES;
				GCC_C_LANGUAGE_STANDARD = gnu99;
				GCC_DYNAMIC_NO_PIC = NO;
				GCC_NO_COMMON_BLOCKS = YES;
				GCC_OPTIMIZATION_LEVEL = 0;
				GCC_PREPROCESSOR_DEFINITIONS = (
					"DEBUG=1",
					"$(inherited)",
				);
				GCC_WARN_64_TO_32_BIT_CONVERSION = YES;
				GCC_WARN_ABOUT_RETURN_TYPE = YES_ERROR;
				GCC_WARN_UNDECLARED_SELECTOR = YES;
				GCC_WARN_UNINITIALIZED_AUTOS = YES_AGGRESSIVE;
				GCC_WARN_UNUSED_FUNCTION = YES;
				GCC_WARN_UNUSED_VARIABLE = YES;
				IPHONEOS_DEPLOYMENT_TARGET = 10.3;
				MTL_ENABLE_DEBUG_INFO = YES;
				ONLY_ACTIVE_ARCH = YES;
				SDKROOT = iphoneos;
				SWIFT_ACTIVE_COMPILATION_CONDITIONS = DEBUG;
				SWIFT_OPTIMIZATION_LEVEL = "-Onone";
			};
			name = Debug;
		};
		95BE506D1F302DAF0088884C /* Release */ = {
			isa = XCBuildConfiguration;
			buildSettings = {
				ALWAYS_SEARCH_USER_PATHS = NO;
				CLANG_ANALYZER_NONNULL = YES;
				CLANG_ANALYZER_NUMBER_OBJECT_CONVERSION = YES_AGGRESSIVE;
				CLANG_CXX_LANGUAGE_STANDARD = "gnu++0x";
				CLANG_CXX_LIBRARY = "libc++";
				CLANG_ENABLE_MODULES = YES;
				CLANG_ENABLE_OBJC_ARC = YES;
				CLANG_WARN_BOOL_CONVERSION = YES;
				CLANG_WARN_CONSTANT_CONVERSION = YES;
				CLANG_WARN_DIRECT_OBJC_ISA_USAGE = YES_ERROR;
				CLANG_WARN_DOCUMENTATION_COMMENTS = YES;
				CLANG_WARN_EMPTY_BODY = YES;
				CLANG_WARN_ENUM_CONVERSION = YES;
				CLANG_WARN_INFINITE_RECURSION = YES;
				CLANG_WARN_INT_CONVERSION = YES;
				CLANG_WARN_OBJC_ROOT_CLASS = YES_ERROR;
				CLANG_WARN_SUSPICIOUS_MOVE = YES;
				CLANG_WARN_UNREACHABLE_CODE = YES;
				CLANG_WARN__DUPLICATE_METHOD_MATCH = YES;
				"CODE_SIGN_IDENTITY[sdk=iphoneos*]" = "iPhone Developer";
				COPY_PHASE_STRIP = NO;
				DEBUG_INFORMATION_FORMAT = "dwarf-with-dsym";
				ENABLE_NS_ASSERTIONS = NO;
				ENABLE_STRICT_OBJC_MSGSEND = YES;
				GCC_C_LANGUAGE_STANDARD = gnu99;
				GCC_NO_COMMON_BLOCKS = YES;
				GCC_WARN_64_TO_32_BIT_CONVERSION = YES;
				GCC_WARN_ABOUT_RETURN_TYPE = YES_ERROR;
				GCC_WARN_UNDECLARED_SELECTOR = YES;
				GCC_WARN_UNINITIALIZED_AUTOS = YES_AGGRESSIVE;
				GCC_WARN_UNUSED_FUNCTION = YES;
				GCC_WARN_UNUSED_VARIABLE = YES;
				IPHONEOS_DEPLOYMENT_TARGET = 10.3;
				MTL_ENABLE_DEBUG_INFO = NO;
				SDKROOT = iphoneos;
				SWIFT_OPTIMIZATION_LEVEL = "-Owholemodule";
				VALIDATE_PRODUCT = YES;
			};
			name = Release;
		};
		95BE506F1F302DAF0088884C /* Debug */ = {
			isa = XCBuildConfiguration;
			buildSettings = {
				ASSETCATALOG_COMPILER_APPICON_NAME = AppIcon;
				DEVELOPMENT_TEAM = QQWWMCLZJZ;
				FRAMEWORK_SEARCH_PATHS = (
					"$(inherited)",
					"$(PROJECT_DIR)/Carthage/Build/iOS",
				);
				INFOPLIST_FILE = "ROC Pass/Info.plist";
				IPHONEOS_DEPLOYMENT_TARGET = 10.0;
				LD_RUNPATH_SEARCH_PATHS = "$(inherited) @executable_path/Frameworks";
				PRODUCT_BUNDLE_IDENTIFIER = "com.dennisbeatty.ROC-Pass";
				PRODUCT_NAME = "$(TARGET_NAME)";
				SWIFT_VERSION = 3.0;
			};
			name = Debug;
		};
		95BE50701F302DAF0088884C /* Release */ = {
			isa = XCBuildConfiguration;
			buildSettings = {
				ASSETCATALOG_COMPILER_APPICON_NAME = AppIcon;
				DEVELOPMENT_TEAM = QQWWMCLZJZ;
				FRAMEWORK_SEARCH_PATHS = (
					"$(inherited)",
					"$(PROJECT_DIR)/Carthage/Build/iOS",
				);
				INFOPLIST_FILE = "ROC Pass/Info.plist";
				IPHONEOS_DEPLOYMENT_TARGET = 10.0;
				LD_RUNPATH_SEARCH_PATHS = "$(inherited) @executable_path/Frameworks";
				PRODUCT_BUNDLE_IDENTIFIER = "com.dennisbeatty.ROC-Pass";
				PRODUCT_NAME = "$(TARGET_NAME)";
				SWIFT_VERSION = 3.0;
			};
			name = Release;
		};
/* End XCBuildConfiguration section */

/* Begin XCConfigurationList section */
		95BE50571F302DAF0088884C /* Build configuration list for PBXProject "ROC Pass" */ = {
			isa = XCConfigurationList;
			buildConfigurations = (
				95BE506C1F302DAF0088884C /* Debug */,
				95BE506D1F302DAF0088884C /* Release */,
			);
			defaultConfigurationIsVisible = 0;
			defaultConfigurationName = Release;
		};
		95BE506E1F302DAF0088884C /* Build configuration list for PBXNativeTarget "ROC Pass" */ = {
			isa = XCConfigurationList;
			buildConfigurations = (
				95BE506F1F302DAF0088884C /* Debug */,
				95BE50701F302DAF0088884C /* Release */,
			);
			defaultConfigurationIsVisible = 0;
			defaultConfigurationName = Release;
		};
/* End XCConfigurationList section */
	};
	rootObject = 95BE50541F302DAF0088884C /* Project object */;
}
